// !$*UTF8*$!
{
	archiveVersion = 1;
	classes = {
	};
	objectVersion = 55;
	objects = {

/* Begin PBXBuildFile section */
		DA5C132E27B14A5B009E2CE0 /* HouseKeeperTutorApp.swift in Sources */ = {isa = PBXBuildFile; fileRef = DA5C132D27B14A5B009E2CE0 /* HouseKeeperTutorApp.swift */; };
		DA5C133027B14A5B009E2CE0 /* ContentView.swift in Sources */ = {isa = PBXBuildFile; fileRef = DA5C132F27B14A5B009E2CE0 /* ContentView.swift */; };
		DA5C133227B14A5D009E2CE0 /* Assets.xcassets in Resources */ = {isa = PBXBuildFile; fileRef = DA5C133127B14A5D009E2CE0 /* Assets.xcassets */; };
		DA5C133527B14A5D009E2CE0 /* Preview Assets.xcassets in Resources */ = {isa = PBXBuildFile; fileRef = DA5C133427B14A5D009E2CE0 /* Preview Assets.xcassets */; };
		DA5C133F27B14A5D009E2CE0 /* HouseKeeperTutorTests.swift in Sources */ = {isa = PBXBuildFile; fileRef = DA5C133E27B14A5D009E2CE0 /* HouseKeeperTutorTests.swift */; };
		DA5C134927B14A5D009E2CE0 /* HouseKeeperTutorUITests.swift in Sources */ = {isa = PBXBuildFile; fileRef = DA5C134827B14A5D009E2CE0 /* HouseKeeperTutorUITests.swift */; };
		DA5C134B27B14A5D009E2CE0 /* HouseKeeperTutorUITestsLaunchTests.swift in Sources */ = {isa = PBXBuildFile; fileRef = DA5C134A27B14A5D009E2CE0 /* HouseKeeperTutorUITestsLaunchTests.swift */; };
		DA5C134F27B14A5D009E2CE0 /* HouseKeeperTutor WatchKit App.app in Embed Watch Content */ = {isa = PBXBuildFile; fileRef = DA5C134E27B14A5D009E2CE0 /* HouseKeeperTutor WatchKit App.app */; settings = {ATTRIBUTES = (RemoveHeadersOnCopy, ); }; };
		DA5C135427B14A5E009E2CE0 /* Assets.xcassets in Resources */ = {isa = PBXBuildFile; fileRef = DA5C135327B14A5E009E2CE0 /* Assets.xcassets */; };
		DA5C135A27B14A5E009E2CE0 /* HouseKeeperTutor WatchKit Extension.appex in Embed App Extensions */ = {isa = PBXBuildFile; fileRef = DA5C135927B14A5E009E2CE0 /* HouseKeeperTutor WatchKit Extension.appex */; settings = {ATTRIBUTES = (RemoveHeadersOnCopy, ); }; };
		DA5C136127B14A5E009E2CE0 /* ContentView.swift in Sources */ = {isa = PBXBuildFile; fileRef = DA5C136027B14A5E009E2CE0 /* ContentView.swift */; };
		DA5C136327B14A5E009E2CE0 /* NotificationController.swift in Sources */ = {isa = PBXBuildFile; fileRef = DA5C136227B14A5E009E2CE0 /* NotificationController.swift */; };
		DA5C136527B14A5E009E2CE0 /* NotificationView.swift in Sources */ = {isa = PBXBuildFile; fileRef = DA5C136427B14A5E009E2CE0 /* NotificationView.swift */; };
		DA5C136727B14A5E009E2CE0 /* ComplicationController.swift in Sources */ = {isa = PBXBuildFile; fileRef = DA5C136627B14A5E009E2CE0 /* ComplicationController.swift */; };
		DA5C136927B14A5F009E2CE0 /* Assets.xcassets in Resources */ = {isa = PBXBuildFile; fileRef = DA5C136827B14A5F009E2CE0 /* Assets.xcassets */; };
		DA5C136C27B14A5F009E2CE0 /* Preview Assets.xcassets in Resources */ = {isa = PBXBuildFile; fileRef = DA5C136B27B14A5F009E2CE0 /* Preview Assets.xcassets */; };
		DA5C137827B14A5F009E2CE0 /* HouseKeeperTutor_WatchKit_AppTests.swift in Sources */ = {isa = PBXBuildFile; fileRef = DA5C137727B14A5F009E2CE0 /* HouseKeeperTutor_WatchKit_AppTests.swift */; };
		DA5C138227B14A5F009E2CE0 /* HouseKeeperTutor_WatchKit_AppUITests.swift in Sources */ = {isa = PBXBuildFile; fileRef = DA5C138127B14A5F009E2CE0 /* HouseKeeperTutor_WatchKit_AppUITests.swift */; };
		DA5C138427B14A5F009E2CE0 /* HouseKeeperTutor_WatchKit_AppUITestsLaunchTests.swift in Sources */ = {isa = PBXBuildFile; fileRef = DA5C138327B14A5F009E2CE0 /* HouseKeeperTutor_WatchKit_AppUITestsLaunchTests.swift */; };
		DA5C13A027B14C88009E2CE0 /* HouseKeepingRow.swift in Sources */ = {isa = PBXBuildFile; fileRef = DA5C139F27B14C88009E2CE0 /* HouseKeepingRow.swift */; };
		DA5C13A327B14DD3009E2CE0 /* houseKeepingData.json in Resources */ = {isa = PBXBuildFile; fileRef = DA5C13A227B14DD3009E2CE0 /* houseKeepingData.json */; };
		DA5C13A727B14F67009E2CE0 /* HouseKeeping.swift in Sources */ = {isa = PBXBuildFile; fileRef = DA5C13A627B14F67009E2CE0 /* HouseKeeping.swift */; };
		DA5C13A927B15101009E2CE0 /* ModelData.swift in Sources */ = {isa = PBXBuildFile; fileRef = DA5C13A827B15101009E2CE0 /* ModelData.swift */; };
		DA5C13B127B202E6009E2CE0 /* HouseKeepingRow.swift in Sources */ = {isa = PBXBuildFile; fileRef = DA5C139F27B14C88009E2CE0 /* HouseKeepingRow.swift */; };
		DA5C13B327B20302009E2CE0 /* ModelData.swift in Sources */ = {isa = PBXBuildFile; fileRef = DA5C13A827B15101009E2CE0 /* ModelData.swift */; };
		DA5C13B427B20302009E2CE0 /* HouseKeeping.swift in Sources */ = {isa = PBXBuildFile; fileRef = DA5C13A627B14F67009E2CE0 /* HouseKeeping.swift */; };
		DA5C13B527B2031E009E2CE0 /* houseKeepingData.json in Resources */ = {isa = PBXBuildFile; fileRef = DA5C13A227B14DD3009E2CE0 /* houseKeepingData.json */; };
		DA5C13B927B2066E009E2CE0 /* HouseKeepingDetail.swift in Sources */ = {isa = PBXBuildFile; fileRef = DA5C13B827B2066E009E2CE0 /* HouseKeepingDetail.swift */; };
		DA5C13BA27B2066E009E2CE0 /* HouseKeepingDetail.swift in Sources */ = {isa = PBXBuildFile; fileRef = DA5C13B827B2066E009E2CE0 /* HouseKeepingDetail.swift */; };
		DA5C13BC27B218C0009E2CE0 /* HouseKeepingList.swift in Sources */ = {isa = PBXBuildFile; fileRef = DA5C13BB27B218C0009E2CE0 /* HouseKeepingList.swift */; };
		DA5C13BD27B218C0009E2CE0 /* HouseKeepingList.swift in Sources */ = {isa = PBXBuildFile; fileRef = DA5C13BB27B218C0009E2CE0 /* HouseKeepingList.swift */; };
		DA5C13BF27B21F03009E2CE0 /* TitleView.swift in Sources */ = {isa = PBXBuildFile; fileRef = DA5C13BE27B21F03009E2CE0 /* TitleView.swift */; };
		DA5C13C127B22A55009E2CE0 /* TitleView.swift in Sources */ = {isa = PBXBuildFile; fileRef = DA5C13BE27B21F03009E2CE0 /* TitleView.swift */; };
		DA5C13C227B22FA1009E2CE0 /* HouseKeeperTutorApp.swift in Sources */ = {isa = PBXBuildFile; fileRef = DA5C132D27B14A5B009E2CE0 /* HouseKeeperTutorApp.swift */; };
/* End PBXBuildFile section */

/* Begin PBXContainerItemProxy section */
		DA5C133B27B14A5D009E2CE0 /* PBXContainerItemProxy */ = {
			isa = PBXContainerItemProxy;
			containerPortal = DA5C132227B14A5B009E2CE0 /* Project object */;
			proxyType = 1;
			remoteGlobalIDString = DA5C132927B14A5B009E2CE0;
			remoteInfo = HouseKeeperTutor;
		};
		DA5C134527B14A5D009E2CE0 /* PBXContainerItemProxy */ = {
			isa = PBXContainerItemProxy;
			containerPortal = DA5C132227B14A5B009E2CE0 /* Project object */;
			proxyType = 1;
			remoteGlobalIDString = DA5C132927B14A5B009E2CE0;
			remoteInfo = HouseKeeperTutor;
		};
		DA5C135027B14A5D009E2CE0 /* PBXContainerItemProxy */ = {
			isa = PBXContainerItemProxy;
			containerPortal = DA5C132227B14A5B009E2CE0 /* Project object */;
			proxyType = 1;
			remoteGlobalIDString = DA5C134D27B14A5D009E2CE0;
			remoteInfo = "HouseKeeperTutor WatchKit App";
		};
		DA5C135B27B14A5E009E2CE0 /* PBXContainerItemProxy */ = {
			isa = PBXContainerItemProxy;
			containerPortal = DA5C132227B14A5B009E2CE0 /* Project object */;
			proxyType = 1;
			remoteGlobalIDString = DA5C135827B14A5E009E2CE0;
			remoteInfo = "HouseKeeperTutor WatchKit Extension";
		};
		DA5C137427B14A5F009E2CE0 /* PBXContainerItemProxy */ = {
			isa = PBXContainerItemProxy;
			containerPortal = DA5C132227B14A5B009E2CE0 /* Project object */;
			proxyType = 1;
			remoteGlobalIDString = DA5C135827B14A5E009E2CE0;
			remoteInfo = "HouseKeeperTutor WatchKit Extension";
		};
		DA5C137E27B14A5F009E2CE0 /* PBXContainerItemProxy */ = {
			isa = PBXContainerItemProxy;
			containerPortal = DA5C132227B14A5B009E2CE0 /* Project object */;
			proxyType = 1;
			remoteGlobalIDString = DA5C134D27B14A5D009E2CE0;
			remoteInfo = "HouseKeeperTutor WatchKit App";
		};
/* End PBXContainerItemProxy section */

/* Begin PBXCopyFilesBuildPhase section */
		DA5C138A27B14A5F009E2CE0 /* Embed App Extensions */ = {
			isa = PBXCopyFilesBuildPhase;
			buildActionMask = 2147483647;
			dstPath = "";
			dstSubfolderSpec = 13;
			files = (
				DA5C135A27B14A5E009E2CE0 /* HouseKeeperTutor WatchKit Extension.appex in Embed App Extensions */,
			);
			name = "Embed App Extensions";
			runOnlyForDeploymentPostprocessing = 0;
		};
		DA5C138E27B14A5F009E2CE0 /* Embed Watch Content */ = {
			isa = PBXCopyFilesBuildPhase;
			buildActionMask = 2147483647;
			dstPath = "$(CONTENTS_FOLDER_PATH)/Watch";
			dstSubfolderSpec = 16;
			files = (
				DA5C134F27B14A5D009E2CE0 /* HouseKeeperTutor WatchKit App.app in Embed Watch Content */,
			);
			name = "Embed Watch Content";
			runOnlyForDeploymentPostprocessing = 0;
		};
/* End PBXCopyFilesBuildPhase section */

/* Begin PBXFileReference section */
		DA5C132A27B14A5B009E2CE0 /* HouseKeeperTutor.app */ = {isa = PBXFileReference; explicitFileType = wrapper.application; includeInIndex = 0; path = HouseKeeperTutor.app; sourceTree = BUILT_PRODUCTS_DIR; };
		DA5C132D27B14A5B009E2CE0 /* HouseKeeperTutorApp.swift */ = {isa = PBXFileReference; lastKnownFileType = sourcecode.swift; path = HouseKeeperTutorApp.swift; sourceTree = "<group>"; };
		DA5C132F27B14A5B009E2CE0 /* ContentView.swift */ = {isa = PBXFileReference; lastKnownFileType = sourcecode.swift; path = ContentView.swift; sourceTree = "<group>"; };
		DA5C133127B14A5D009E2CE0 /* Assets.xcassets */ = {isa = PBXFileReference; lastKnownFileType = folder.assetcatalog; path = Assets.xcassets; sourceTree = "<group>"; };
		DA5C133427B14A5D009E2CE0 /* Preview Assets.xcassets */ = {isa = PBXFileReference; lastKnownFileType = folder.assetcatalog; path = "Preview Assets.xcassets"; sourceTree = "<group>"; };
		DA5C133A27B14A5D009E2CE0 /* HouseKeeperTutorTests.xctest */ = {isa = PBXFileReference; explicitFileType = wrapper.cfbundle; includeInIndex = 0; path = HouseKeeperTutorTests.xctest; sourceTree = BUILT_PRODUCTS_DIR; };
		DA5C133E27B14A5D009E2CE0 /* HouseKeeperTutorTests.swift */ = {isa = PBXFileReference; lastKnownFileType = sourcecode.swift; path = HouseKeeperTutorTests.swift; sourceTree = "<group>"; };
		DA5C134427B14A5D009E2CE0 /* HouseKeeperTutorUITests.xctest */ = {isa = PBXFileReference; explicitFileType = wrapper.cfbundle; includeInIndex = 0; path = HouseKeeperTutorUITests.xctest; sourceTree = BUILT_PRODUCTS_DIR; };
		DA5C134827B14A5D009E2CE0 /* HouseKeeperTutorUITests.swift */ = {isa = PBXFileReference; lastKnownFileType = sourcecode.swift; path = HouseKeeperTutorUITests.swift; sourceTree = "<group>"; };
		DA5C134A27B14A5D009E2CE0 /* HouseKeeperTutorUITestsLaunchTests.swift */ = {isa = PBXFileReference; lastKnownFileType = sourcecode.swift; path = HouseKeeperTutorUITestsLaunchTests.swift; sourceTree = "<group>"; };
		DA5C134E27B14A5D009E2CE0 /* HouseKeeperTutor WatchKit App.app */ = {isa = PBXFileReference; explicitFileType = wrapper.application; includeInIndex = 0; path = "HouseKeeperTutor WatchKit App.app"; sourceTree = BUILT_PRODUCTS_DIR; };
		DA5C135327B14A5E009E2CE0 /* Assets.xcassets */ = {isa = PBXFileReference; lastKnownFileType = folder.assetcatalog; path = Assets.xcassets; sourceTree = "<group>"; };
		DA5C135927B14A5E009E2CE0 /* HouseKeeperTutor WatchKit Extension.appex */ = {isa = PBXFileReference; explicitFileType = "wrapper.app-extension"; includeInIndex = 0; path = "HouseKeeperTutor WatchKit Extension.appex"; sourceTree = BUILT_PRODUCTS_DIR; };
		DA5C136027B14A5E009E2CE0 /* ContentView.swift */ = {isa = PBXFileReference; lastKnownFileType = sourcecode.swift; path = ContentView.swift; sourceTree = "<group>"; };
		DA5C136227B14A5E009E2CE0 /* NotificationController.swift */ = {isa = PBXFileReference; lastKnownFileType = sourcecode.swift; path = NotificationController.swift; sourceTree = "<group>"; };
		DA5C136427B14A5E009E2CE0 /* NotificationView.swift */ = {isa = PBXFileReference; lastKnownFileType = sourcecode.swift; path = NotificationView.swift; sourceTree = "<group>"; };
		DA5C136627B14A5E009E2CE0 /* ComplicationController.swift */ = {isa = PBXFileReference; lastKnownFileType = sourcecode.swift; path = ComplicationController.swift; sourceTree = "<group>"; };
		DA5C136827B14A5F009E2CE0 /* Assets.xcassets */ = {isa = PBXFileReference; lastKnownFileType = folder.assetcatalog; path = Assets.xcassets; sourceTree = "<group>"; };
		DA5C136B27B14A5F009E2CE0 /* Preview Assets.xcassets */ = {isa = PBXFileReference; lastKnownFileType = folder.assetcatalog; path = "Preview Assets.xcassets"; sourceTree = "<group>"; };
		DA5C136D27B14A5F009E2CE0 /* Info.plist */ = {isa = PBXFileReference; lastKnownFileType = text.plist.xml; path = Info.plist; sourceTree = "<group>"; };
		DA5C136E27B14A5F009E2CE0 /* PushNotificationPayload.apns */ = {isa = PBXFileReference; lastKnownFileType = text; path = PushNotificationPayload.apns; sourceTree = "<group>"; };
		DA5C137327B14A5F009E2CE0 /* HouseKeeperTutor WatchKit AppTests.xctest */ = {isa = PBXFileReference; explicitFileType = wrapper.cfbundle; includeInIndex = 0; path = "HouseKeeperTutor WatchKit AppTests.xctest"; sourceTree = BUILT_PRODUCTS_DIR; };
		DA5C137727B14A5F009E2CE0 /* HouseKeeperTutor_WatchKit_AppTests.swift */ = {isa = PBXFileReference; lastKnownFileType = sourcecode.swift; path = HouseKeeperTutor_WatchKit_AppTests.swift; sourceTree = "<group>"; };
		DA5C137D27B14A5F009E2CE0 /* HouseKeeperTutor WatchKit AppUITests.xctest */ = {isa = PBXFileReference; explicitFileType = wrapper.cfbundle; includeInIndex = 0; path = "HouseKeeperTutor WatchKit AppUITests.xctest"; sourceTree = BUILT_PRODUCTS_DIR; };
		DA5C138127B14A5F009E2CE0 /* HouseKeeperTutor_WatchKit_AppUITests.swift */ = {isa = PBXFileReference; lastKnownFileType = sourcecode.swift; path = HouseKeeperTutor_WatchKit_AppUITests.swift; sourceTree = "<group>"; };
		DA5C138327B14A5F009E2CE0 /* HouseKeeperTutor_WatchKit_AppUITestsLaunchTests.swift */ = {isa = PBXFileReference; lastKnownFileType = sourcecode.swift; path = HouseKeeperTutor_WatchKit_AppUITestsLaunchTests.swift; sourceTree = "<group>"; };
		DA5C139F27B14C88009E2CE0 /* HouseKeepingRow.swift */ = {isa = PBXFileReference; lastKnownFileType = sourcecode.swift; path = HouseKeepingRow.swift; sourceTree = "<group>"; };
		DA5C13A227B14DD3009E2CE0 /* houseKeepingData.json */ = {isa = PBXFileReference; fileEncoding = 4; lastKnownFileType = text.json; path = houseKeepingData.json; sourceTree = "<group>"; };
		DA5C13A627B14F67009E2CE0 /* HouseKeeping.swift */ = {isa = PBXFileReference; lastKnownFileType = sourcecode.swift; path = HouseKeeping.swift; sourceTree = "<group>"; };
		DA5C13A827B15101009E2CE0 /* ModelData.swift */ = {isa = PBXFileReference; lastKnownFileType = sourcecode.swift; path = ModelData.swift; sourceTree = "<group>"; };
		DA5C13B827B2066E009E2CE0 /* HouseKeepingDetail.swift */ = {isa = PBXFileReference; lastKnownFileType = sourcecode.swift; path = HouseKeepingDetail.swift; sourceTree = "<group>"; };
		DA5C13BB27B218C0009E2CE0 /* HouseKeepingList.swift */ = {isa = PBXFileReference; lastKnownFileType = sourcecode.swift; name = HouseKeepingList.swift; path = HouseKeeperTutor/Views/HouseKeeping/HouseKeepingList.swift; sourceTree = SOURCE_ROOT; };
		DA5C13BE27B21F03009E2CE0 /* TitleView.swift */ = {isa = PBXFileReference; lastKnownFileType = sourcecode.swift; path = TitleView.swift; sourceTree = "<group>"; };
/* End PBXFileReference section */

/* Begin PBXFrameworksBuildPhase section */
		DA5C132727B14A5B009E2CE0 /* Frameworks */ = {
			isa = PBXFrameworksBuildPhase;
			buildActionMask = 2147483647;
			files = (
			);
			runOnlyForDeploymentPostprocessing = 0;
		};
		DA5C133727B14A5D009E2CE0 /* Frameworks */ = {
			isa = PBXFrameworksBuildPhase;
			buildActionMask = 2147483647;
			files = (
			);
			runOnlyForDeploymentPostprocessing = 0;
		};
		DA5C134127B14A5D009E2CE0 /* Frameworks */ = {
			isa = PBXFrameworksBuildPhase;
			buildActionMask = 2147483647;
			files = (
			);
			runOnlyForDeploymentPostprocessing = 0;
		};
		DA5C135627B14A5E009E2CE0 /* Frameworks */ = {
			isa = PBXFrameworksBuildPhase;
			buildActionMask = 2147483647;
			files = (
			);
			runOnlyForDeploymentPostprocessing = 0;
		};
		DA5C137027B14A5F009E2CE0 /* Frameworks */ = {
			isa = PBXFrameworksBuildPhase;
			buildActionMask = 2147483647;
			files = (
			);
			runOnlyForDeploymentPostprocessing = 0;
		};
		DA5C137A27B14A5F009E2CE0 /* Frameworks */ = {
			isa = PBXFrameworksBuildPhase;
			buildActionMask = 2147483647;
			files = (
			);
			runOnlyForDeploymentPostprocessing = 0;
		};
/* End PBXFrameworksBuildPhase section */

/* Begin PBXGroup section */
		DA5C132127B14A5B009E2CE0 = {
			isa = PBXGroup;
			children = (
				DA5C132C27B14A5B009E2CE0 /* HouseKeeperTutor */,
				DA5C133D27B14A5D009E2CE0 /* HouseKeeperTutorTests */,
				DA5C134727B14A5D009E2CE0 /* HouseKeeperTutorUITests */,
				DA5C135227B14A5D009E2CE0 /* HouseKeeperTutor WatchKit App */,
				DA5C135D27B14A5E009E2CE0 /* HouseKeeperTutor WatchKit Extension */,
				DA5C137627B14A5F009E2CE0 /* HouseKeeperTutor WatchKit AppTests */,
				DA5C138027B14A5F009E2CE0 /* HouseKeeperTutor WatchKit AppUITests */,
				DA5C132B27B14A5B009E2CE0 /* Products */,
			);
			sourceTree = "<group>";
		};
		DA5C132B27B14A5B009E2CE0 /* Products */ = {
			isa = PBXGroup;
			children = (
				DA5C132A27B14A5B009E2CE0 /* HouseKeeperTutor.app */,
				DA5C133A27B14A5D009E2CE0 /* HouseKeeperTutorTests.xctest */,
				DA5C134427B14A5D009E2CE0 /* HouseKeeperTutorUITests.xctest */,
				DA5C134E27B14A5D009E2CE0 /* HouseKeeperTutor WatchKit App.app */,
				DA5C135927B14A5E009E2CE0 /* HouseKeeperTutor WatchKit Extension.appex */,
				DA5C137327B14A5F009E2CE0 /* HouseKeeperTutor WatchKit AppTests.xctest */,
				DA5C137D27B14A5F009E2CE0 /* HouseKeeperTutor WatchKit AppUITests.xctest */,
			);
			name = Products;
			sourceTree = "<group>";
		};
		DA5C132C27B14A5B009E2CE0 /* HouseKeeperTutor */ = {
			isa = PBXGroup;
			children = (
				DA5C132D27B14A5B009E2CE0 /* HouseKeeperTutorApp.swift */,
				DA5C13A527B14F00009E2CE0 /* Model */,
				DA5C139E27B14C35009E2CE0 /* Views */,
				DA5C133127B14A5D009E2CE0 /* Assets.xcassets */,
				DA5C13A127B14D89009E2CE0 /* Resources */,
				DA5C133327B14A5D009E2CE0 /* Preview Content */,
			);
			path = HouseKeeperTutor;
			sourceTree = "<group>";
		};
		DA5C133327B14A5D009E2CE0 /* Preview Content */ = {
			isa = PBXGroup;
			children = (
				DA5C133427B14A5D009E2CE0 /* Preview Assets.xcassets */,
			);
			path = "Preview Content";
			sourceTree = "<group>";
		};
		DA5C133D27B14A5D009E2CE0 /* HouseKeeperTutorTests */ = {
			isa = PBXGroup;
			children = (
				DA5C133E27B14A5D009E2CE0 /* HouseKeeperTutorTests.swift */,
			);
			path = HouseKeeperTutorTests;
			sourceTree = "<group>";
		};
		DA5C134727B14A5D009E2CE0 /* HouseKeeperTutorUITests */ = {
			isa = PBXGroup;
			children = (
				DA5C134827B14A5D009E2CE0 /* HouseKeeperTutorUITests.swift */,
				DA5C134A27B14A5D009E2CE0 /* HouseKeeperTutorUITestsLaunchTests.swift */,
			);
			path = HouseKeeperTutorUITests;
			sourceTree = "<group>";
		};
		DA5C135227B14A5D009E2CE0 /* HouseKeeperTutor WatchKit App */ = {
			isa = PBXGroup;
			children = (
				DA5C135327B14A5E009E2CE0 /* Assets.xcassets */,
			);
			path = "HouseKeeperTutor WatchKit App";
			sourceTree = "<group>";
		};
		DA5C135D27B14A5E009E2CE0 /* HouseKeeperTutor WatchKit Extension */ = {
			isa = PBXGroup;
			children = (
				DA5C136027B14A5E009E2CE0 /* ContentView.swift */,
				DA5C136227B14A5E009E2CE0 /* NotificationController.swift */,
				DA5C136427B14A5E009E2CE0 /* NotificationView.swift */,
				DA5C136627B14A5E009E2CE0 /* ComplicationController.swift */,
				DA5C136827B14A5F009E2CE0 /* Assets.xcassets */,
				DA5C136D27B14A5F009E2CE0 /* Info.plist */,
				DA5C136E27B14A5F009E2CE0 /* PushNotificationPayload.apns */,
				DA5C136A27B14A5F009E2CE0 /* Preview Content */,
			);
			path = "HouseKeeperTutor WatchKit Extension";
			sourceTree = "<group>";
		};
		DA5C136A27B14A5F009E2CE0 /* Preview Content */ = {
			isa = PBXGroup;
			children = (
				DA5C136B27B14A5F009E2CE0 /* Preview Assets.xcassets */,
			);
			path = "Preview Content";
			sourceTree = "<group>";
		};
		DA5C137627B14A5F009E2CE0 /* HouseKeeperTutor WatchKit AppTests */ = {
			isa = PBXGroup;
			children = (
				DA5C137727B14A5F009E2CE0 /* HouseKeeperTutor_WatchKit_AppTests.swift */,
			);
			path = "HouseKeeperTutor WatchKit AppTests";
			sourceTree = "<group>";
		};
		DA5C138027B14A5F009E2CE0 /* HouseKeeperTutor WatchKit AppUITests */ = {
			isa = PBXGroup;
			children = (
				DA5C138127B14A5F009E2CE0 /* HouseKeeperTutor_WatchKit_AppUITests.swift */,
				DA5C138327B14A5F009E2CE0 /* HouseKeeperTutor_WatchKit_AppUITestsLaunchTests.swift */,
			);
			path = "HouseKeeperTutor WatchKit AppUITests";
			sourceTree = "<group>";
		};
		DA5C139E27B14C35009E2CE0 /* Views */ = {
			isa = PBXGroup;
			children = (
				DA5C13BE27B21F03009E2CE0 /* TitleView.swift */,
				DA5C13AA27B15619009E2CE0 /* HouseKeeping */,
				DA5C132F27B14A5B009E2CE0 /* ContentView.swift */,
			);
			path = Views;
			sourceTree = "<group>";
		};
		DA5C13A127B14D89009E2CE0 /* Resources */ = {
			isa = PBXGroup;
			children = (
				DA5C13A227B14DD3009E2CE0 /* houseKeepingData.json */,
			);
			path = Resources;
			sourceTree = "<group>";
		};
		DA5C13A527B14F00009E2CE0 /* Model */ = {
			isa = PBXGroup;
			children = (
				DA5C13A627B14F67009E2CE0 /* HouseKeeping.swift */,
				DA5C13A827B15101009E2CE0 /* ModelData.swift */,
			);
			path = Model;
			sourceTree = "<group>";
		};
		DA5C13AA27B15619009E2CE0 /* HouseKeeping */ = {
			isa = PBXGroup;
			children = (
				DA5C13BB27B218C0009E2CE0 /* HouseKeepingList.swift */,
				DA5C139F27B14C88009E2CE0 /* HouseKeepingRow.swift */,
				DA5C13B827B2066E009E2CE0 /* HouseKeepingDetail.swift */,
			);
			path = HouseKeeping;
			sourceTree = "<group>";
		};
/* End PBXGroup section */

/* Begin PBXNativeTarget section */
		DA5C132927B14A5B009E2CE0 /* HouseKeeperTutor */ = {
			isa = PBXNativeTarget;
			buildConfigurationList = DA5C138F27B14A5F009E2CE0 /* Build configuration list for PBXNativeTarget "HouseKeeperTutor" */;
			buildPhases = (
				DA5C132627B14A5B009E2CE0 /* Sources */,
				DA5C132727B14A5B009E2CE0 /* Frameworks */,
				DA5C132827B14A5B009E2CE0 /* Resources */,
				DA5C138E27B14A5F009E2CE0 /* Embed Watch Content */,
			);
			buildRules = (
			);
			dependencies = (
				DA5C135127B14A5D009E2CE0 /* PBXTargetDependency */,
			);
			name = HouseKeeperTutor;
			productName = HouseKeeperTutor;
			productReference = DA5C132A27B14A5B009E2CE0 /* HouseKeeperTutor.app */;
			productType = "com.apple.product-type.application";
		};
		DA5C133927B14A5D009E2CE0 /* HouseKeeperTutorTests */ = {
			isa = PBXNativeTarget;
			buildConfigurationList = DA5C139227B14A5F009E2CE0 /* Build configuration list for PBXNativeTarget "HouseKeeperTutorTests" */;
			buildPhases = (
				DA5C133627B14A5D009E2CE0 /* Sources */,
				DA5C133727B14A5D009E2CE0 /* Frameworks */,
				DA5C133827B14A5D009E2CE0 /* Resources */,
			);
			buildRules = (
			);
			dependencies = (
				DA5C133C27B14A5D009E2CE0 /* PBXTargetDependency */,
			);
			name = HouseKeeperTutorTests;
			productName = HouseKeeperTutorTests;
			productReference = DA5C133A27B14A5D009E2CE0 /* HouseKeeperTutorTests.xctest */;
			productType = "com.apple.product-type.bundle.unit-test";
		};
		DA5C134327B14A5D009E2CE0 /* HouseKeeperTutorUITests */ = {
			isa = PBXNativeTarget;
			buildConfigurationList = DA5C139527B14A5F009E2CE0 /* Build configuration list for PBXNativeTarget "HouseKeeperTutorUITests" */;
			buildPhases = (
				DA5C134027B14A5D009E2CE0 /* Sources */,
				DA5C134127B14A5D009E2CE0 /* Frameworks */,
				DA5C134227B14A5D009E2CE0 /* Resources */,
			);
			buildRules = (
			);
			dependencies = (
				DA5C134627B14A5D009E2CE0 /* PBXTargetDependency */,
			);
			name = HouseKeeperTutorUITests;
			productName = HouseKeeperTutorUITests;
			productReference = DA5C134427B14A5D009E2CE0 /* HouseKeeperTutorUITests.xctest */;
			productType = "com.apple.product-type.bundle.ui-testing";
		};
		DA5C134D27B14A5D009E2CE0 /* HouseKeeperTutor WatchKit App */ = {
			isa = PBXNativeTarget;
			buildConfigurationList = DA5C138B27B14A5F009E2CE0 /* Build configuration list for PBXNativeTarget "HouseKeeperTutor WatchKit App" */;
			buildPhases = (
				DA5C134C27B14A5D009E2CE0 /* Resources */,
				DA5C138A27B14A5F009E2CE0 /* Embed App Extensions */,
			);
			buildRules = (
			);
			dependencies = (
				DA5C135C27B14A5E009E2CE0 /* PBXTargetDependency */,
			);
			name = "HouseKeeperTutor WatchKit App";
			productName = "HouseKeeperTutor WatchKit App";
			productReference = DA5C134E27B14A5D009E2CE0 /* HouseKeeperTutor WatchKit App.app */;
			productType = "com.apple.product-type.application.watchapp2";
		};
		DA5C135827B14A5E009E2CE0 /* HouseKeeperTutor WatchKit Extension */ = {
			isa = PBXNativeTarget;
			buildConfigurationList = DA5C138727B14A5F009E2CE0 /* Build configuration list for PBXNativeTarget "HouseKeeperTutor WatchKit Extension" */;
			buildPhases = (
				DA5C135527B14A5E009E2CE0 /* Sources */,
				DA5C135627B14A5E009E2CE0 /* Frameworks */,
				DA5C135727B14A5E009E2CE0 /* Resources */,
			);
			buildRules = (
			);
			dependencies = (
			);
			name = "HouseKeeperTutor WatchKit Extension";
			productName = "HouseKeeperTutor WatchKit Extension";
			productReference = DA5C135927B14A5E009E2CE0 /* HouseKeeperTutor WatchKit Extension.appex */;
			productType = "com.apple.product-type.watchkit2-extension";
		};
		DA5C137227B14A5F009E2CE0 /* HouseKeeperTutor WatchKit AppTests */ = {
			isa = PBXNativeTarget;
			buildConfigurationList = DA5C139827B14A5F009E2CE0 /* Build configuration list for PBXNativeTarget "HouseKeeperTutor WatchKit AppTests" */;
			buildPhases = (
				DA5C136F27B14A5F009E2CE0 /* Sources */,
				DA5C137027B14A5F009E2CE0 /* Frameworks */,
				DA5C137127B14A5F009E2CE0 /* Resources */,
			);
			buildRules = (
			);
			dependencies = (
				DA5C137527B14A5F009E2CE0 /* PBXTargetDependency */,
			);
			name = "HouseKeeperTutor WatchKit AppTests";
			productName = "HouseKeeperTutor WatchKit AppTests";
			productReference = DA5C137327B14A5F009E2CE0 /* HouseKeeperTutor WatchKit AppTests.xctest */;
			productType = "com.apple.product-type.bundle.unit-test";
		};
		DA5C137C27B14A5F009E2CE0 /* HouseKeeperTutor WatchKit AppUITests */ = {
			isa = PBXNativeTarget;
			buildConfigurationList = DA5C139B27B14A5F009E2CE0 /* Build configuration list for PBXNativeTarget "HouseKeeperTutor WatchKit AppUITests" */;
			buildPhases = (
				DA5C137927B14A5F009E2CE0 /* Sources */,
				DA5C137A27B14A5F009E2CE0 /* Frameworks */,
				DA5C137B27B14A5F009E2CE0 /* Resources */,
			);
			buildRules = (
			);
			dependencies = (
				DA5C137F27B14A5F009E2CE0 /* PBXTargetDependency */,
			);
			name = "HouseKeeperTutor WatchKit AppUITests";
			productName = "HouseKeeperTutor WatchKit AppUITests";
			productReference = DA5C137D27B14A5F009E2CE0 /* HouseKeeperTutor WatchKit AppUITests.xctest */;
			productType = "com.apple.product-type.bundle.ui-testing";
		};
/* End PBXNativeTarget section */

/* Begin PBXProject section */
		DA5C132227B14A5B009E2CE0 /* Project object */ = {
			isa = PBXProject;
			attributes = {
				BuildIndependentTargetsInParallel = 1;
				LastSwiftUpdateCheck = 1320;
				LastUpgradeCheck = 1320;
				TargetAttributes = {
					DA5C132927B14A5B009E2CE0 = {
						CreatedOnToolsVersion = 13.2.1;
					};
					DA5C133927B14A5D009E2CE0 = {
						CreatedOnToolsVersion = 13.2.1;
						TestTargetID = DA5C132927B14A5B009E2CE0;
					};
					DA5C134327B14A5D009E2CE0 = {
						CreatedOnToolsVersion = 13.2.1;
						TestTargetID = DA5C132927B14A5B009E2CE0;
					};
					DA5C134D27B14A5D009E2CE0 = {
						CreatedOnToolsVersion = 13.2.1;
					};
					DA5C135827B14A5E009E2CE0 = {
						CreatedOnToolsVersion = 13.2.1;
					};
					DA5C137227B14A5F009E2CE0 = {
						CreatedOnToolsVersion = 13.2.1;
						TestTargetID = DA5C135827B14A5E009E2CE0;
					};
					DA5C137C27B14A5F009E2CE0 = {
						CreatedOnToolsVersion = 13.2.1;
						TestTargetID = DA5C134D27B14A5D009E2CE0;
					};
				};
			};
			buildConfigurationList = DA5C132527B14A5B009E2CE0 /* Build configuration list for PBXProject "HouseKeeperTutor" */;
			compatibilityVersion = "Xcode 13.0";
			developmentRegion = en;
			hasScannedForEncodings = 0;
			knownRegions = (
				en,
				Base,
			);
			mainGroup = DA5C132127B14A5B009E2CE0;
			productRefGroup = DA5C132B27B14A5B009E2CE0 /* Products */;
			projectDirPath = "";
			projectRoot = "";
			targets = (
				DA5C132927B14A5B009E2CE0 /* HouseKeeperTutor */,
				DA5C133927B14A5D009E2CE0 /* HouseKeeperTutorTests */,
				DA5C134327B14A5D009E2CE0 /* HouseKeeperTutorUITests */,
				DA5C134D27B14A5D009E2CE0 /* HouseKeeperTutor WatchKit App */,
				DA5C135827B14A5E009E2CE0 /* HouseKeeperTutor WatchKit Extension */,
				DA5C137227B14A5F009E2CE0 /* HouseKeeperTutor WatchKit AppTests */,
				DA5C137C27B14A5F009E2CE0 /* HouseKeeperTutor WatchKit AppUITests */,
			);
		};
/* End PBXProject section */

/* Begin PBXResourcesBuildPhase section */
		DA5C132827B14A5B009E2CE0 /* Resources */ = {
			isa = PBXResourcesBuildPhase;
			buildActionMask = 2147483647;
			files = (
				DA5C133527B14A5D009E2CE0 /* Preview Assets.xcassets in Resources */,
				DA5C133227B14A5D009E2CE0 /* Assets.xcassets in Resources */,
				DA5C13A327B14DD3009E2CE0 /* houseKeepingData.json in Resources */,
			);
			runOnlyForDeploymentPostprocessing = 0;
		};
		DA5C133827B14A5D009E2CE0 /* Resources */ = {
			isa = PBXResourcesBuildPhase;
			buildActionMask = 2147483647;
			files = (
			);
			runOnlyForDeploymentPostprocessing = 0;
		};
		DA5C134227B14A5D009E2CE0 /* Resources */ = {
			isa = PBXResourcesBuildPhase;
			buildActionMask = 2147483647;
			files = (
			);
			runOnlyForDeploymentPostprocessing = 0;
		};
		DA5C134C27B14A5D009E2CE0 /* Resources */ = {
			isa = PBXResourcesBuildPhase;
			buildActionMask = 2147483647;
			files = (
				DA5C135427B14A5E009E2CE0 /* Assets.xcassets in Resources */,
			);
			runOnlyForDeploymentPostprocessing = 0;
		};
		DA5C135727B14A5E009E2CE0 /* Resources */ = {
			isa = PBXResourcesBuildPhase;
			buildActionMask = 2147483647;
			files = (
				DA5C13B527B2031E009E2CE0 /* houseKeepingData.json in Resources */,
				DA5C136C27B14A5F009E2CE0 /* Preview Assets.xcassets in Resources */,
				DA5C136927B14A5F009E2CE0 /* Assets.xcassets in Resources */,
			);
			runOnlyForDeploymentPostprocessing = 0;
		};
		DA5C137127B14A5F009E2CE0 /* Resources */ = {
			isa = PBXResourcesBuildPhase;
			buildActionMask = 2147483647;
			files = (
			);
			runOnlyForDeploymentPostprocessing = 0;
		};
		DA5C137B27B14A5F009E2CE0 /* Resources */ = {
			isa = PBXResourcesBuildPhase;
			buildActionMask = 2147483647;
			files = (
			);
			runOnlyForDeploymentPostprocessing = 0;
		};
/* End PBXResourcesBuildPhase section */

/* Begin PBXSourcesBuildPhase section */
		DA5C132627B14A5B009E2CE0 /* Sources */ = {
			isa = PBXSourcesBuildPhase;
			buildActionMask = 2147483647;
			files = (
				DA5C13A027B14C88009E2CE0 /* HouseKeepingRow.swift in Sources */,
				DA5C13B927B2066E009E2CE0 /* HouseKeepingDetail.swift in Sources */,
				DA5C13BC27B218C0009E2CE0 /* HouseKeepingList.swift in Sources */,
				DA5C133027B14A5B009E2CE0 /* ContentView.swift in Sources */,
				DA5C13A927B15101009E2CE0 /* ModelData.swift in Sources */,
				DA5C13A727B14F67009E2CE0 /* HouseKeeping.swift in Sources */,
				DA5C132E27B14A5B009E2CE0 /* HouseKeeperTutorApp.swift in Sources */,
				DA5C13BF27B21F03009E2CE0 /* TitleView.swift in Sources */,
			);
			runOnlyForDeploymentPostprocessing = 0;
		};
		DA5C133627B14A5D009E2CE0 /* Sources */ = {
			isa = PBXSourcesBuildPhase;
			buildActionMask = 2147483647;
			files = (
				DA5C133F27B14A5D009E2CE0 /* HouseKeeperTutorTests.swift in Sources */,
			);
			runOnlyForDeploymentPostprocessing = 0;
		};
		DA5C134027B14A5D009E2CE0 /* Sources */ = {
			isa = PBXSourcesBuildPhase;
			buildActionMask = 2147483647;
			files = (
				DA5C134B27B14A5D009E2CE0 /* HouseKeeperTutorUITestsLaunchTests.swift in Sources */,
				DA5C134927B14A5D009E2CE0 /* HouseKeeperTutorUITests.swift in Sources */,
			);
			runOnlyForDeploymentPostprocessing = 0;
		};
		DA5C135527B14A5E009E2CE0 /* Sources */ = {
			isa = PBXSourcesBuildPhase;
			buildActionMask = 2147483647;
			files = (
				DA5C13BD27B218C0009E2CE0 /* HouseKeepingList.swift in Sources */,
				DA5C13B427B20302009E2CE0 /* HouseKeeping.swift in Sources */,
				DA5C136327B14A5E009E2CE0 /* NotificationController.swift in Sources */,
				DA5C136127B14A5E009E2CE0 /* ContentView.swift in Sources */,
				DA5C13B327B20302009E2CE0 /* ModelData.swift in Sources */,
				DA5C136727B14A5E009E2CE0 /* ComplicationController.swift in Sources */,
				DA5C13B127B202E6009E2CE0 /* HouseKeepingRow.swift in Sources */,
				DA5C13C127B22A55009E2CE0 /* TitleView.swift in Sources */,
				DA5C136527B14A5E009E2CE0 /* NotificationView.swift in Sources */,
				DA5C13BA27B2066E009E2CE0 /* HouseKeepingDetail.swift in Sources */,
				DA5C13C227B22FA1009E2CE0 /* HouseKeeperTutorApp.swift in Sources */,
			);
			runOnlyForDeploymentPostprocessing = 0;
		};
		DA5C136F27B14A5F009E2CE0 /* Sources */ = {
			isa = PBXSourcesBuildPhase;
			buildActionMask = 2147483647;
			files = (
				DA5C137827B14A5F009E2CE0 /* HouseKeeperTutor_WatchKit_AppTests.swift in Sources */,
			);
			runOnlyForDeploymentPostprocessing = 0;
		};
		DA5C137927B14A5F009E2CE0 /* Sources */ = {
			isa = PBXSourcesBuildPhase;
			buildActionMask = 2147483647;
			files = (
				DA5C138227B14A5F009E2CE0 /* HouseKeeperTutor_WatchKit_AppUITests.swift in Sources */,
				DA5C138427B14A5F009E2CE0 /* HouseKeeperTutor_WatchKit_AppUITestsLaunchTests.swift in Sources */,
			);
			runOnlyForDeploymentPostprocessing = 0;
		};
/* End PBXSourcesBuildPhase section */

/* Begin PBXTargetDependency section */
		DA5C133C27B14A5D009E2CE0 /* PBXTargetDependency */ = {
			isa = PBXTargetDependency;
			target = DA5C132927B14A5B009E2CE0 /* HouseKeeperTutor */;
			targetProxy = DA5C133B27B14A5D009E2CE0 /* PBXContainerItemProxy */;
		};
		DA5C134627B14A5D009E2CE0 /* PBXTargetDependency */ = {
			isa = PBXTargetDependency;
			target = DA5C132927B14A5B009E2CE0 /* HouseKeeperTutor */;
			targetProxy = DA5C134527B14A5D009E2CE0 /* PBXContainerItemProxy */;
		};
		DA5C135127B14A5D009E2CE0 /* PBXTargetDependency */ = {
			isa = PBXTargetDependency;
			target = DA5C134D27B14A5D009E2CE0 /* HouseKeeperTutor WatchKit App */;
			targetProxy = DA5C135027B14A5D009E2CE0 /* PBXContainerItemProxy */;
		};
		DA5C135C27B14A5E009E2CE0 /* PBXTargetDependency */ = {
			isa = PBXTargetDependency;
			target = DA5C135827B14A5E009E2CE0 /* HouseKeeperTutor WatchKit Extension */;
			targetProxy = DA5C135B27B14A5E009E2CE0 /* PBXContainerItemProxy */;
		};
		DA5C137527B14A5F009E2CE0 /* PBXTargetDependency */ = {
			isa = PBXTargetDependency;
			target = DA5C135827B14A5E009E2CE0 /* HouseKeeperTutor WatchKit Extension */;
			targetProxy = DA5C137427B14A5F009E2CE0 /* PBXContainerItemProxy */;
		};
		DA5C137F27B14A5F009E2CE0 /* PBXTargetDependency */ = {
			isa = PBXTargetDependency;
			target = DA5C134D27B14A5D009E2CE0 /* HouseKeeperTutor WatchKit App */;
			targetProxy = DA5C137E27B14A5F009E2CE0 /* PBXContainerItemProxy */;
		};
/* End PBXTargetDependency section */

/* Begin XCBuildConfiguration section */
		DA5C138527B14A5F009E2CE0 /* Debug */ = {
			isa = XCBuildConfiguration;
			buildSettings = {
				ALWAYS_SEARCH_USER_PATHS = NO;
				CLANG_ANALYZER_NONNULL = YES;
				CLANG_ANALYZER_NUMBER_OBJECT_CONVERSION = YES_AGGRESSIVE;
				CLANG_CXX_LANGUAGE_STANDARD = "gnu++17";
				CLANG_CXX_LIBRARY = "libc++";
				CLANG_ENABLE_MODULES = YES;
				CLANG_ENABLE_OBJC_ARC = YES;
				CLANG_ENABLE_OBJC_WEAK = YES;
				CLANG_WARN_BLOCK_CAPTURE_AUTORELEASING = YES;
				CLANG_WARN_BOOL_CONVERSION = YES;
				CLANG_WARN_COMMA = YES;
				CLANG_WARN_CONSTANT_CONVERSION = YES;
				CLANG_WARN_DEPRECATED_OBJC_IMPLEMENTATIONS = YES;
				CLANG_WARN_DIRECT_OBJC_ISA_USAGE = YES_ERROR;
				CLANG_WARN_DOCUMENTATION_COMMENTS = YES;
				CLANG_WARN_EMPTY_BODY = YES;
				CLANG_WARN_ENUM_CONVERSION = YES;
				CLANG_WARN_INFINITE_RECURSION = YES;
				CLANG_WARN_INT_CONVERSION = YES;
				CLANG_WARN_NON_LITERAL_NULL_CONVERSION = YES;
				CLANG_WARN_OBJC_IMPLICIT_RETAIN_SELF = YES;
				CLANG_WARN_OBJC_LITERAL_CONVERSION = YES;
				CLANG_WARN_OBJC_ROOT_CLASS = YES_ERROR;
				CLANG_WARN_QUOTED_INCLUDE_IN_FRAMEWORK_HEADER = YES;
				CLANG_WARN_RANGE_LOOP_ANALYSIS = YES;
				CLANG_WARN_STRICT_PROTOTYPES = YES;
				CLANG_WARN_SUSPICIOUS_MOVE = YES;
				CLANG_WARN_UNGUARDED_AVAILABILITY = YES_AGGRESSIVE;
				CLANG_WARN_UNREACHABLE_CODE = YES;
				CLANG_WARN__DUPLICATE_METHOD_MATCH = YES;
				COPY_PHASE_STRIP = NO;
				DEBUG_INFORMATION_FORMAT = dwarf;
				ENABLE_STRICT_OBJC_MSGSEND = YES;
				ENABLE_TESTABILITY = YES;
				GCC_C_LANGUAGE_STANDARD = gnu11;
				GCC_DYNAMIC_NO_PIC = NO;
				GCC_NO_COMMON_BLOCKS = YES;
				GCC_OPTIMIZATION_LEVEL = 0;
				GCC_PREPROCESSOR_DEFINITIONS = (
					"DEBUG=1",
					"$(inherited)",
				);
				GCC_WARN_64_TO_32_BIT_CONVERSION = YES;
				GCC_WARN_ABOUT_RETURN_TYPE = YES_ERROR;
				GCC_WARN_UNDECLARED_SELECTOR = YES;
				GCC_WARN_UNINITIALIZED_AUTOS = YES_AGGRESSIVE;
				GCC_WARN_UNUSED_FUNCTION = YES;
				GCC_WARN_UNUSED_VARIABLE = YES;
				MTL_ENABLE_DEBUG_INFO = INCLUDE_SOURCE;
				MTL_FAST_MATH = YES;
				ONLY_ACTIVE_ARCH = YES;
				SWIFT_ACTIVE_COMPILATION_CONDITIONS = DEBUG;
				SWIFT_OPTIMIZATION_LEVEL = "-Onone";
			};
			name = Debug;
		};
		DA5C138627B14A5F009E2CE0 /* Release */ = {
			isa = XCBuildConfiguration;
			buildSettings = {
				ALWAYS_SEARCH_USER_PATHS = NO;
				CLANG_ANALYZER_NONNULL = YES;
				CLANG_ANALYZER_NUMBER_OBJECT_CONVERSION = YES_AGGRESSIVE;
				CLANG_CXX_LANGUAGE_STANDARD = "gnu++17";
				CLANG_CXX_LIBRARY = "libc++";
				CLANG_ENABLE_MODULES = YES;
				CLANG_ENABLE_OBJC_ARC = YES;
				CLANG_ENABLE_OBJC_WEAK = YES;
				CLANG_WARN_BLOCK_CAPTURE_AUTORELEASING = YES;
				CLANG_WARN_BOOL_CONVERSION = YES;
				CLANG_WARN_COMMA = YES;
				CLANG_WARN_CONSTANT_CONVERSION = YES;
				CLANG_WARN_DEPRECATED_OBJC_IMPLEMENTATIONS = YES;
				CLANG_WARN_DIRECT_OBJC_ISA_USAGE = YES_ERROR;
				CLANG_WARN_DOCUMENTATION_COMMENTS = YES;
				CLANG_WARN_EMPTY_BODY = YES;
				CLANG_WARN_ENUM_CONVERSION = YES;
				CLANG_WARN_INFINITE_RECURSION = YES;
				CLANG_WARN_INT_CONVERSION = YES;
				CLANG_WARN_NON_LITERAL_NULL_CONVERSION = YES;
				CLANG_WARN_OBJC_IMPLICIT_RETAIN_SELF = YES;
				CLANG_WARN_OBJC_LITERAL_CONVERSION = YES;
				CLANG_WARN_OBJC_ROOT_CLASS = YES_ERROR;
				CLANG_WARN_QUOTED_INCLUDE_IN_FRAMEWORK_HEADER = YES;
				CLANG_WARN_RANGE_LOOP_ANALYSIS = YES;
				CLANG_WARN_STRICT_PROTOTYPES = YES;
				CLANG_WARN_SUSPICIOUS_MOVE = YES;
				CLANG_WARN_UNGUARDED_AVAILABILITY = YES_AGGRESSIVE;
				CLANG_WARN_UNREACHABLE_CODE = YES;
				CLANG_WARN__DUPLICATE_METHOD_MATCH = YES;
				COPY_PHASE_STRIP = NO;
				DEBUG_INFORMATION_FORMAT = "dwarf-with-dsym";
				ENABLE_NS_ASSERTIONS = NO;
				ENABLE_STRICT_OBJC_MSGSEND = YES;
				GCC_C_LANGUAGE_STANDARD = gnu11;
				GCC_NO_COMMON_BLOCKS = YES;
				GCC_WARN_64_TO_32_BIT_CONVERSION = YES;
				GCC_WARN_ABOUT_RETURN_TYPE = YES_ERROR;
				GCC_WARN_UNDECLARED_SELECTOR = YES;
				GCC_WARN_UNINITIALIZED_AUTOS = YES_AGGRESSIVE;
				GCC_WARN_UNUSED_FUNCTION = YES;
				GCC_WARN_UNUSED_VARIABLE = YES;
				MTL_ENABLE_DEBUG_INFO = NO;
				MTL_FAST_MATH = YES;
				SWIFT_COMPILATION_MODE = wholemodule;
				SWIFT_OPTIMIZATION_LEVEL = "-O";
			};
			name = Release;
		};
		DA5C138827B14A5F009E2CE0 /* Debug */ = {
			isa = XCBuildConfiguration;
			buildSettings = {
				ASSETCATALOG_COMPILER_COMPLICATION_NAME = Complication;
				CODE_SIGN_STYLE = Automatic;
				CURRENT_PROJECT_VERSION = 1;
				DEVELOPMENT_ASSET_PATHS = "\"HouseKeeperTutor WatchKit Extension/Preview Content\"";
				ENABLE_PREVIEWS = YES;
				GENERATE_INFOPLIST_FILE = YES;
				INFOPLIST_FILE = "HouseKeeperTutor WatchKit Extension/Info.plist";
				INFOPLIST_KEY_CFBundleDisplayName = "家事の仕方";
				INFOPLIST_KEY_CLKComplicationPrincipalClass = HouseKeeperTutor_WatchKit_Extension.ComplicationController;
				INFOPLIST_KEY_NSHumanReadableCopyright = "";
				INFOPLIST_KEY_WKRunsIndependentlyOfCompanionApp = YES;
				LD_RUNPATH_SEARCH_PATHS = (
					"$(inherited)",
					"@executable_path/Frameworks",
					"@executable_path/../../Frameworks",
				);
				MARKETING_VERSION = 1.0;
				PRODUCT_BUNDLE_IDENTIFIER = jp.mitose.HouseKeeperTutor.watchkitapp.watchkitextension;
				PRODUCT_NAME = "${TARGET_NAME}";
				SDKROOT = watchos;
				SKIP_INSTALL = YES;
				SWIFT_EMIT_LOC_STRINGS = YES;
				SWIFT_VERSION = 5.0;
				TARGETED_DEVICE_FAMILY = 4;
				WATCHOS_DEPLOYMENT_TARGET = 8.3;
			};
			name = Debug;
		};
		DA5C138927B14A5F009E2CE0 /* Release */ = {
			isa = XCBuildConfiguration;
			buildSettings = {
				ASSETCATALOG_COMPILER_COMPLICATION_NAME = Complication;
				CODE_SIGN_STYLE = Automatic;
				CURRENT_PROJECT_VERSION = 1;
				DEVELOPMENT_ASSET_PATHS = "\"HouseKeeperTutor WatchKit Extension/Preview Content\"";
				ENABLE_PREVIEWS = YES;
				GENERATE_INFOPLIST_FILE = YES;
				INFOPLIST_FILE = "HouseKeeperTutor WatchKit Extension/Info.plist";
				INFOPLIST_KEY_CFBundleDisplayName = "家事の仕方";
				INFOPLIST_KEY_CLKComplicationPrincipalClass = HouseKeeperTutor_WatchKit_Extension.ComplicationController;
				INFOPLIST_KEY_NSHumanReadableCopyright = "";
				INFOPLIST_KEY_WKRunsIndependentlyOfCompanionApp = YES;
				LD_RUNPATH_SEARCH_PATHS = (
					"$(inherited)",
					"@executable_path/Frameworks",
					"@executable_path/../../Frameworks",
				);
				MARKETING_VERSION = 1.0;
				PRODUCT_BUNDLE_IDENTIFIER = jp.mitose.HouseKeeperTutor.watchkitapp.watchkitextension;
				PRODUCT_NAME = "${TARGET_NAME}";
				SDKROOT = watchos;
				SKIP_INSTALL = YES;
				SWIFT_EMIT_LOC_STRINGS = YES;
				SWIFT_VERSION = 5.0;
				TARGETED_DEVICE_FAMILY = 4;
				VALIDATE_PRODUCT = YES;
				WATCHOS_DEPLOYMENT_TARGET = 8.3;
			};
			name = Release;
		};
		DA5C138C27B14A5F009E2CE0 /* Debug */ = {
			isa = XCBuildConfiguration;
			buildSettings = {
				ALWAYS_EMBED_SWIFT_STANDARD_LIBRARIES = YES;
				ASSETCATALOG_COMPILER_APPICON_NAME = AppIcon;
				ASSETCATALOG_COMPILER_GLOBAL_ACCENT_COLOR_NAME = AccentColor;
				CODE_SIGN_STYLE = Automatic;
				CURRENT_PROJECT_VERSION = 1;
				GENERATE_INFOPLIST_FILE = YES;
				IBSC_MODULE = HouseKeeperTutor_WatchKit_Extension;
				INFOPLIST_KEY_CFBundleDisplayName = "HouseKeeperTutor WatchKit App";
				INFOPLIST_KEY_UISupportedInterfaceOrientations = "UIInterfaceOrientationPortrait UIInterfaceOrientationPortraitUpsideDown";
				INFOPLIST_KEY_WKCompanionAppBundleIdentifier = jp.mitose.HouseKeeperTutor;
				MARKETING_VERSION = 1.0;
				PRODUCT_BUNDLE_IDENTIFIER = jp.mitose.HouseKeeperTutor.watchkitapp;
				PRODUCT_NAME = "$(TARGET_NAME)";
				SDKROOT = watchos;
				SKIP_INSTALL = YES;
				SWIFT_EMIT_LOC_STRINGS = YES;
				SWIFT_VERSION = 5.0;
				TARGETED_DEVICE_FAMILY = 4;
				WATCHOS_DEPLOYMENT_TARGET = 8.3;
			};
			name = Debug;
		};
		DA5C138D27B14A5F009E2CE0 /* Release */ = {
			isa = XCBuildConfiguration;
			buildSettings = {
				ALWAYS_EMBED_SWIFT_STANDARD_LIBRARIES = YES;
				ASSETCATALOG_COMPILER_APPICON_NAME = AppIcon;
				ASSETCATALOG_COMPILER_GLOBAL_ACCENT_COLOR_NAME = AccentColor;
				CODE_SIGN_STYLE = Automatic;
				CURRENT_PROJECT_VERSION = 1;
				GENERATE_INFOPLIST_FILE = YES;
				IBSC_MODULE = HouseKeeperTutor_WatchKit_Extension;
				INFOPLIST_KEY_CFBundleDisplayName = "HouseKeeperTutor WatchKit App";
				INFOPLIST_KEY_UISupportedInterfaceOrientations = "UIInterfaceOrientationPortrait UIInterfaceOrientationPortraitUpsideDown";
				INFOPLIST_KEY_WKCompanionAppBundleIdentifier = jp.mitose.HouseKeeperTutor;
				MARKETING_VERSION = 1.0;
				PRODUCT_BUNDLE_IDENTIFIER = jp.mitose.HouseKeeperTutor.watchkitapp;
				PRODUCT_NAME = "$(TARGET_NAME)";
				SDKROOT = watchos;
				SKIP_INSTALL = YES;
				SWIFT_EMIT_LOC_STRINGS = YES;
				SWIFT_VERSION = 5.0;
				TARGETED_DEVICE_FAMILY = 4;
				VALIDATE_PRODUCT = YES;
				WATCHOS_DEPLOYMENT_TARGET = 8.3;
			};
			name = Release;
		};
		DA5C139027B14A5F009E2CE0 /* Debug */ = {
			isa = XCBuildConfiguration;
			buildSettings = {
				ASSETCATALOG_COMPILER_APPICON_NAME = AppIcon;
				ASSETCATALOG_COMPILER_GLOBAL_ACCENT_COLOR_NAME = AccentColor;
				CODE_SIGN_STYLE = Automatic;
				CURRENT_PROJECT_VERSION = 1;
				DEVELOPMENT_ASSET_PATHS = "\"HouseKeeperTutor/Preview Content\"";
				ENABLE_PREVIEWS = YES;
				GENERATE_INFOPLIST_FILE = YES;
				INFOPLIST_KEY_UIApplicationSceneManifest_Generation = YES;
				INFOPLIST_KEY_UIApplicationSupportsIndirectInputEvents = YES;
				INFOPLIST_KEY_UILaunchScreen_Generation = YES;
				INFOPLIST_KEY_UISupportedInterfaceOrientations_iPad = "UIInterfaceOrientationPortrait UIInterfaceOrientationPortraitUpsideDown UIInterfaceOrientationLandscapeLeft UIInterfaceOrientationLandscapeRight";
				INFOPLIST_KEY_UISupportedInterfaceOrientations_iPhone = "UIInterfaceOrientationPortrait UIInterfaceOrientationLandscapeLeft UIInterfaceOrientationLandscapeRight";
				IPHONEOS_DEPLOYMENT_TARGET = 15.2;
				LD_RUNPATH_SEARCH_PATHS = (
					"$(inherited)",
					"@executable_path/Frameworks",
				);
				MARKETING_VERSION = 1.0;
				PRODUCT_BUNDLE_IDENTIFIER = jp.mitose.HouseKeeperTutor;
				PRODUCT_NAME = "$(TARGET_NAME)";
				SDKROOT = iphoneos;
				SWIFT_EMIT_LOC_STRINGS = YES;
				SWIFT_VERSION = 5.0;
				TARGETED_DEVICE_FAMILY = "1,2";
			};
			name = Debug;
		};
		DA5C139127B14A5F009E2CE0 /* Release */ = {
			isa = XCBuildConfiguration;
			buildSettings = {
				ASSETCATALOG_COMPILER_APPICON_NAME = AppIcon;
				ASSETCATALOG_COMPILER_GLOBAL_ACCENT_COLOR_NAME = AccentColor;
				CODE_SIGN_STYLE = Automatic;
				CURRENT_PROJECT_VERSION = 1;
				DEVELOPMENT_ASSET_PATHS = "\"HouseKeeperTutor/Preview Content\"";
				ENABLE_PREVIEWS = YES;
				GENERATE_INFOPLIST_FILE = YES;
				INFOPLIST_KEY_UIApplicationSceneManifest_Generation = YES;
				INFOPLIST_KEY_UIApplicationSupportsIndirectInputEvents = YES;
				INFOPLIST_KEY_UILaunchScreen_Generation = YES;
				INFOPLIST_KEY_UISupportedInterfaceOrientations_iPad = "UIInterfaceOrientationPortrait UIInterfaceOrientationPortraitUpsideDown UIInterfaceOrientationLandscapeLeft UIInterfaceOrientationLandscapeRight";
				INFOPLIST_KEY_UISupportedInterfaceOrientations_iPhone = "UIInterfaceOrientationPortrait UIInterfaceOrientationLandscapeLeft UIInterfaceOrientationLandscapeRight";
				IPHONEOS_DEPLOYMENT_TARGET = 15.2;
				LD_RUNPATH_SEARCH_PATHS = (
					"$(inherited)",
					"@executable_path/Frameworks",
				);
				MARKETING_VERSION = 1.0;
				PRODUCT_BUNDLE_IDENTIFIER = jp.mitose.HouseKeeperTutor;
				PRODUCT_NAME = "$(TARGET_NAME)";
				SDKROOT = iphoneos;
				SWIFT_EMIT_LOC_STRINGS = YES;
				SWIFT_VERSION = 5.0;
				TARGETED_DEVICE_FAMILY = "1,2";
				VALIDATE_PRODUCT = YES;
			};
			name = Release;
		};
		DA5C139327B14A5F009E2CE0 /* Debug */ = {
			isa = XCBuildConfiguration;
			buildSettings = {
				ALWAYS_EMBED_SWIFT_STANDARD_LIBRARIES = YES;
				BUNDLE_LOADER = "$(TEST_HOST)";
				CODE_SIGN_STYLE = Automatic;
				CURRENT_PROJECT_VERSION = 1;
				GENERATE_INFOPLIST_FILE = YES;
				IPHONEOS_DEPLOYMENT_TARGET = 15.2;
				MARKETING_VERSION = 1.0;
				PRODUCT_BUNDLE_IDENTIFIER = jp.mitose.HouseKeeperTutorTests;
				PRODUCT_NAME = "$(TARGET_NAME)";
				SDKROOT = iphoneos;
				SWIFT_EMIT_LOC_STRINGS = NO;
				SWIFT_VERSION = 5.0;
				TARGETED_DEVICE_FAMILY = "1,2";
				TEST_HOST = "$(BUILT_PRODUCTS_DIR)/HouseKeeperTutor.app/HouseKeeperTutor";
			};
			name = Debug;
		};
		DA5C139427B14A5F009E2CE0 /* Release */ = {
			isa = XCBuildConfiguration;
			buildSettings = {
				ALWAYS_EMBED_SWIFT_STANDARD_LIBRARIES = YES;
				BUNDLE_LOADER = "$(TEST_HOST)";
				CODE_SIGN_STYLE = Automatic;
				CURRENT_PROJECT_VERSION = 1;
				GENERATE_INFOPLIST_FILE = YES;
				IPHONEOS_DEPLOYMENT_TARGET = 15.2;
				MARKETING_VERSION = 1.0;
				PRODUCT_BUNDLE_IDENTIFIER = jp.mitose.HouseKeeperTutorTests;
				PRODUCT_NAME = "$(TARGET_NAME)";
				SDKROOT = iphoneos;
				SWIFT_EMIT_LOC_STRINGS = NO;
				SWIFT_VERSION = 5.0;
				TARGETED_DEVICE_FAMILY = "1,2";
				TEST_HOST = "$(BUILT_PRODUCTS_DIR)/HouseKeeperTutor.app/HouseKeeperTutor";
				VALIDATE_PRODUCT = YES;
			};
			name = Release;
		};
		DA5C139627B14A5F009E2CE0 /* Debug */ = {
			isa = XCBuildConfiguration;
			buildSettings = {
				ALWAYS_EMBED_SWIFT_STANDARD_LIBRARIES = YES;
				CODE_SIGN_STYLE = Automatic;
				CURRENT_PROJECT_VERSION = 1;
				GENERATE_INFOPLIST_FILE = YES;
				IPHONEOS_DEPLOYMENT_TARGET = 15.2;
				MARKETING_VERSION = 1.0;
				PRODUCT_BUNDLE_IDENTIFIER = jp.mitose.HouseKeeperTutorUITests;
				PRODUCT_NAME = "$(TARGET_NAME)";
				SDKROOT = iphoneos;
				SWIFT_EMIT_LOC_STRINGS = NO;
				SWIFT_VERSION = 5.0;
				TARGETED_DEVICE_FAMILY = "1,2";
				TEST_TARGET_NAME = HouseKeeperTutor;
			};
			name = Debug;
		};
		DA5C139727B14A5F009E2CE0 /* Release */ = {
			isa = XCBuildConfiguration;
			buildSettings = {
				ALWAYS_EMBED_SWIFT_STANDARD_LIBRARIES = YES;
				CODE_SIGN_STYLE = Automatic;
				CURRENT_PROJECT_VERSION = 1;
				GENERATE_INFOPLIST_FILE = YES;
				IPHONEOS_DEPLOYMENT_TARGET = 15.2;
				MARKETING_VERSION = 1.0;
				PRODUCT_BUNDLE_IDENTIFIER = jp.mitose.HouseKeeperTutorUITests;
				PRODUCT_NAME = "$(TARGET_NAME)";
				SDKROOT = iphoneos;
				SWIFT_EMIT_LOC_STRINGS = NO;
				SWIFT_VERSION = 5.0;
				TARGETED_DEVICE_FAMILY = "1,2";
				TEST_TARGET_NAME = HouseKeeperTutor;
				VALIDATE_PRODUCT = YES;
			};
			name = Release;
		};
		DA5C139927B14A5F009E2CE0 /* Debug */ = {
			isa = XCBuildConfiguration;
			buildSettings = {
				ALWAYS_EMBED_SWIFT_STANDARD_LIBRARIES = YES;
				BUNDLE_LOADER = "$(TEST_HOST)";
				CODE_SIGN_STYLE = Automatic;
				CURRENT_PROJECT_VERSION = 1;
				GENERATE_INFOPLIST_FILE = YES;
				MARKETING_VERSION = 1.0;
				PRODUCT_BUNDLE_IDENTIFIER = "jp.mitose.HouseKeeperTutor-WatchKit-AppTests";
				PRODUCT_NAME = "$(TARGET_NAME)";
				SDKROOT = watchos;
				SWIFT_EMIT_LOC_STRINGS = NO;
				SWIFT_VERSION = 5.0;
				TARGETED_DEVICE_FAMILY = 4;
				TEST_HOST = "$(BUILT_PRODUCTS_DIR)/HouseKeeperTutor WatchKit Extension.appex/HouseKeeperTutor WatchKit Extension";
				WATCHOS_DEPLOYMENT_TARGET = 8.3;
			};
			name = Debug;
		};
		DA5C139A27B14A5F009E2CE0 /* Release */ = {
			isa = XCBuildConfiguration;
			buildSettings = {
				ALWAYS_EMBED_SWIFT_STANDARD_LIBRARIES = YES;
				BUNDLE_LOADER = "$(TEST_HOST)";
				CODE_SIGN_STYLE = Automatic;
				CURRENT_PROJECT_VERSION = 1;
				GENERATE_INFOPLIST_FILE = YES;
				MARKETING_VERSION = 1.0;
				PRODUCT_BUNDLE_IDENTIFIER = "jp.mitose.HouseKeeperTutor-WatchKit-AppTests";
				PRODUCT_NAME = "$(TARGET_NAME)";
				SDKROOT = watchos;
				SWIFT_EMIT_LOC_STRINGS = NO;
				SWIFT_VERSION = 5.0;
				TARGETED_DEVICE_FAMILY = 4;
				TEST_HOST = "$(BUILT_PRODUCTS_DIR)/HouseKeeperTutor WatchKit Extension.appex/HouseKeeperTutor WatchKit Extension";
				VALIDATE_PRODUCT = YES;
				WATCHOS_DEPLOYMENT_TARGET = 8.3;
			};
			name = Release;
		};
		DA5C139C27B14A5F009E2CE0 /* Debug */ = {
			isa = XCBuildConfiguration;
			buildSettings = {
				CODE_SIGN_STYLE = Automatic;
				CURRENT_PROJECT_VERSION = 1;
				GENERATE_INFOPLIST_FILE = YES;
				MARKETING_VERSION = 1.0;
				PRODUCT_BUNDLE_IDENTIFIER = "jp.mitose.HouseKeeperTutor-WatchKit-AppUITests";
				PRODUCT_NAME = "$(TARGET_NAME)";
				SDKROOT = watchos;
				SWIFT_EMIT_LOC_STRINGS = NO;
				SWIFT_VERSION = 5.0;
				TARGETED_DEVICE_FAMILY = 4;
				TEST_TARGET_NAME = "HouseKeeperTutor WatchKit App";
				WATCHOS_DEPLOYMENT_TARGET = 8.3;
			};
			name = Debug;
		};
		DA5C139D27B14A5F009E2CE0 /* Release */ = {
			isa = XCBuildConfiguration;
			buildSettings = {
				CODE_SIGN_STYLE = Automatic;
				CURRENT_PROJECT_VERSION = 1;
				GENERATE_INFOPLIST_FILE = YES;
				MARKETING_VERSION = 1.0;
				PRODUCT_BUNDLE_IDENTIFIER = "jp.mitose.HouseKeeperTutor-WatchKit-AppUITests";
				PRODUCT_NAME = "$(TARGET_NAME)";
				SDKROOT = watchos;
				SWIFT_EMIT_LOC_STRINGS = NO;
				SWIFT_VERSION = 5.0;
				TARGETED_DEVICE_FAMILY = 4;
				TEST_TARGET_NAME = "HouseKeeperTutor WatchKit App";
				VALIDATE_PRODUCT = YES;
				WATCHOS_DEPLOYMENT_TARGET = 8.3;
			};
			name = Release;
		};
/* End XCBuildConfiguration section */

/* Begin XCConfigurationList section */
		DA5C132527B14A5B009E2CE0 /* Build configuration list for PBXProject "HouseKeeperTutor" */ = {
			isa = XCConfigurationList;
			buildConfigurations = (
				DA5C138527B14A5F009E2CE0 /* Debug */,
				DA5C138627B14A5F009E2CE0 /* Release */,
			);
			defaultConfigurationIsVisible = 0;
			defaultConfigurationName = Release;
		};
		DA5C138727B14A5F009E2CE0 /* Build configuration list for PBXNativeTarget "HouseKeeperTutor WatchKit Extension" */ = {
			isa = XCConfigurationList;
			buildConfigurations = (
				DA5C138827B14A5F009E2CE0 /* Debug */,
				DA5C138927B14A5F009E2CE0 /* Release */,
			);
			defaultConfigurationIsVisible = 0;
			defaultConfigurationName = Release;
		};
		DA5C138B27B14A5F009E2CE0 /* Build configuration list for PBXNativeTarget "HouseKeeperTutor WatchKit App" */ = {
			isa = XCConfigurationList;
			buildConfigurations = (
				DA5C138C27B14A5F009E2CE0 /* Debug */,
				DA5C138D27B14A5F009E2CE0 /* Release */,
			);
			defaultConfigurationIsVisible = 0;
			defaultConfigurationName = Release;
		};
		DA5C138F27B14A5F009E2CE0 /* Build configuration list for PBXNativeTarget "HouseKeeperTutor" */ = {
			isa = XCConfigurationList;
			buildConfigurations = (
				DA5C139027B14A5F009E2CE0 /* Debug */,
				DA5C139127B14A5F009E2CE0 /* Release */,
			);
			defaultConfigurationIsVisible = 0;
			defaultConfigurationName = Release;
		};
		DA5C139227B14A5F009E2CE0 /* Build configuration list for PBXNativeTarget "HouseKeeperTutorTests" */ = {
			isa = XCConfigurationList;
			buildConfigurations = (
				DA5C139327B14A5F009E2CE0 /* Debug */,
				DA5C139427B14A5F009E2CE0 /* Release */,
			);
			defaultConfigurationIsVisible = 0;
			defaultConfigurationName = Release;
		};
		DA5C139527B14A5F009E2CE0 /* Build configuration list for PBXNativeTarget "HouseKeeperTutorUITests" */ = {
			isa = XCConfigurationList;
			buildConfigurations = (
				DA5C139627B14A5F009E2CE0 /* Debug */,
				DA5C139727B14A5F009E2CE0 /* Release */,
			);
			defaultConfigurationIsVisible = 0;
			defaultConfigurationName = Release;
		};
		DA5C139827B14A5F009E2CE0 /* Build configuration list for PBXNativeTarget "HouseKeeperTutor WatchKit AppTests" */ = {
			isa = XCConfigurationList;
			buildConfigurations = (
				DA5C139927B14A5F009E2CE0 /* Debug */,
				DA5C139A27B14A5F009E2CE0 /* Release */,
			);
			defaultConfigurationIsVisible = 0;
			defaultConfigurationName = Release;
		};
		DA5C139B27B14A5F009E2CE0 /* Build configuration list for PBXNativeTarget "HouseKeeperTutor WatchKit AppUITests" */ = {
			isa = XCConfigurationList;
			buildConfigurations = (
				DA5C139C27B14A5F009E2CE0 /* Debug */,
				DA5C139D27B14A5F009E2CE0 /* Release */,
			);
			defaultConfigurationIsVisible = 0;
			defaultConfigurationName = Release;
		};
/* End XCConfigurationList section */
	};
	rootObject = DA5C132227B14A5B009E2CE0 /* Project object */;
}
